
Microsoft Visual Studio Solution File, Format Version 12.00
# Visual Studio Version 17
VisualStudioVersion = 17.1.32407.343
MinimumVisualStudioVersion = 10.0.40219.1
Project("{FAE04EC0-301F-11D3-BF4B-00C04F79EFBC}") = "FEZ.HAT.mm", "FEZ.HAT.mm.csproj", "{6F13616E-70E1-4FE0-AAC3-FDECCB9D8229}"
EndProject
Global
	GlobalSection(SolutionConfigurationPlatforms) = preSolution
		Debug|Any CPU = Debug|Any CPU
		Release|Any CPU = Release|Any CPU
	EndGlobalSection
	GlobalSection(ProjectConfigurationPlatforms) = postSolution
		{6F13616E-70E1-4FE0-AAC3-FDECCB9D8229}.Debug|Any CPU.ActiveCfg = Debug|Any CPU
		{6F13616E-70E1-4FE0-AAC3-FDECCB9D8229}.Debug|Any CPU.Build.0 = Debug|Any CPU
		{6F13616E-70E1-4FE0-AAC3-FDECCB9D8229}.Release|Any CPU.ActiveCfg = Release|Any CPU
		{6F13616E-70E1-4FE0-AAC3-FDECCB9D8229}.Release|Any CPU.Build.0 = Release|Any CPU
	EndGlobalSection
	GlobalSection(SolutionProperties) = preSolution
		HideSolutionNode = FALSE
	EndGlobalSection
	GlobalSection(ExtensibilityGlobals) = postSolution
		SolutionGuid = {C452BFAA-0F26-4A52-8C6E-C9B5CA1B2E83}
	EndGlobalSection
EndGlobal
